
Microsoft Visual Studio Solution File, Format Version 11.00
# Visual Studio 2010
# SharpDevelop 4.4
Project("{FAE04EC0-301F-11D3-BF4B-00C04F79EFBC}") = "task_5", "task_5\task_5.csproj", "{0A3D6DCE-4B42-432D-850D-DF273A2FA32D}"
EndProject
Global
	GlobalSection(SolutionConfigurationPlatforms) = preSolution
		Debug|Any CPU = Debug|Any CPU
		Release|Any CPU = Release|Any CPU
	EndGlobalSection
	GlobalSection(ProjectConfigurationPlatforms) = postSolution
		{0A3D6DCE-4B42-432D-850D-DF273A2FA32D}.Debug|Any CPU.Build.0 = Debug|Any CPU
		{0A3D6DCE-4B42-432D-850D-DF273A2FA32D}.Debug|Any CPU.ActiveCfg = Debug|Any CPU
		{0A3D6DCE-4B42-432D-850D-DF273A2FA32D}.Release|Any CPU.Build.0 = Release|Any CPU
		{0A3D6DCE-4B42-432D-850D-DF273A2FA32D}.Release|Any CPU.ActiveCfg = Release|Any CPU
	EndGlobalSection
EndGlobal
