
Microsoft Visual Studio Solution File, Format Version 11.00
# Visual Studio 2010
# SharpDevelop 4.4
Project("{FAE04EC0-301F-11D3-BF4B-00C04F79EFBC}") = "task_2", "task_2\task_2.csproj", "{5199578F-CC40-489C-908A-0C8B949AA9AD}"
EndProject
Global
	GlobalSection(SolutionConfigurationPlatforms) = preSolution
		Debug|Any CPU = Debug|Any CPU
		Release|Any CPU = Release|Any CPU
	EndGlobalSection
	GlobalSection(ProjectConfigurationPlatforms) = postSolution
		{5199578F-CC40-489C-908A-0C8B949AA9AD}.Debug|Any CPU.Build.0 = Debug|Any CPU
		{5199578F-CC40-489C-908A-0C8B949AA9AD}.Debug|Any CPU.ActiveCfg = Debug|Any CPU
		{5199578F-CC40-489C-908A-0C8B949AA9AD}.Release|Any CPU.Build.0 = Release|Any CPU
		{5199578F-CC40-489C-908A-0C8B949AA9AD}.Release|Any CPU.ActiveCfg = Release|Any CPU
	EndGlobalSection
EndGlobal
